lockfileVersion: '6.0'

settings:
  autoInstallPeers: true
  excludeLinksFromLockfile: false

dependencies:
  fjl:
    specifier: ^2.0.0-alpha
    version: 2.0.0-alpha

packages:

  /fjl@2.0.0-alpha:
    resolution: {integrity: sha512-WEIGSw3zSuFAUEAYdANDx2EEQ4KWBXG8G+HPt3TN8wg3C7dxJeXOXuoZfZBdzfkjuAS59kI+VR3nJ6ZLmbi0Lw==}
    engines: {node: '>=12'}
    dev: false
